# THIS IS AN AUTOGENERATED FILE. DO NOT EDIT THIS FILE DIRECTLY.
# yarn lockfile v1


"@aspnet/signalr@^1.0.27":
  "integrity" "sha512-utZvBF9snjdwIBpvcFa6htqFTVaTN50QIZUoiznKpYSZImew1a1Ci7VYmK8HODqwRqUtj0o5/xR1nzt8xex5sA=="
  "resolved" "https://registry.npmjs.org/@aspnet/signalr/-/signalr-1.0.27.tgz"
  "version" "1.0.27"

"@babel/runtime@^7.14.5", "@babel/runtime@^7.17.0":
  "integrity" "sha512-lSiBBvodq29uShpWGNbgFdKYNiFDo5/HIYsaCEY9ff4sb10x9jizo2+pRrSyF4jKZCXqgzuqBOQKbUm90gQwJg=="
  "resolved" "https://registry.npmjs.org/@babel/runtime/-/runtime-7.17.9.tgz"
  "version" "7.17.9"
  dependencies:
    "regenerator-runtime" "^0.13.4"

"@twilio/conversations@^2.3.0":
  "integrity" "sha512-1Ww4ErvsZGkEVacEZwhKrc5cZ8GNNXXQhAho+78YvoSFpZ4ZIZJM0NJgKGkgNShA5sDbBH+MWj83byp5Z1N7OQ=="
  "resolved" "https://registry.npmjs.org/@twilio/conversations/-/conversations-2.3.0.tgz"
  "version" "2.3.0"
  dependencies:
    "@babel/runtime" "^7.17.0"
    "@twilio/declarative-type-validator" "^0.2.4"
    "@twilio/deprecation-decorator" "^0.2.2"
    "@twilio/mcs-client" "^0.6.4"
    "@twilio/notifications" "^2.0.3"
    "@twilio/operation-retrier" "^4.0.12"
    "@twilio/replay-event-emitter" "^0.3.4"
    "core-js" "^3.17.3"
    "iso8601-duration" "=1.2.0"
    "isomorphic-form-data" "^2.0.0"
    "lodash.isequal" "^4.5.0"
    "loglevel" "^1.8.0"
    "platform" "^1.3.6"
    "twilio-sync" "~3.1.0"
    "twilsock" "~0.12.2"
    "uuid" "^3.4.0"
    "xmlhttprequest" "^1.8.0"

"@twilio/declarative-type-validator@^0.1.10", "@twilio/declarative-type-validator@^0.1.11":
  "integrity" "sha512-yRAMLPD8j3k67UFvPeZvfTlKYuceiNq+iZ8a/ADzAbZMeaV0FMvsJmG97MH8yN/VdXY9hcscchsnc99bJ1sClw=="
  "resolved" "https://registry.npmjs.org/@twilio/declarative-type-validator/-/declarative-type-validator-0.1.11.tgz"
  "version" "0.1.11"
  dependencies:
    "@babel/runtime" "^7.14.5"
    "core-js" "^3.17.3"

"@twilio/declarative-type-validator@^0.2.4":
  "integrity" "sha512-3n/qfahRnA/fGFmyvRzKToo4Kdh4DuWDcsqczov7hOEcXux0ZIsFpnse7NpFt0ggfpAqfZsiwyCAhWZatfth0w=="
  "resolved" "https://registry.npmjs.org/@twilio/declarative-type-validator/-/declarative-type-validator-0.2.4.tgz"
  "version" "0.2.4"
  dependencies:
    "@babel/runtime" "^7.17.0"
    "core-js" "^3.17.3"

"@twilio/deprecation-decorator@^0.2.2":
  "integrity" "sha512-EJKEZyH9TD/NEgBxyV/5RbqKGj5VJPhf9fTnhOnc3ie1FBLbPXIN+FnS0FeSQo2GLtPjRfU4xf25JXPleJZCPw=="
  "resolved" "https://registry.npmjs.org/@twilio/deprecation-decorator/-/deprecation-decorator-0.2.2.tgz"
  "version" "0.2.2"
  dependencies:
    "@babel/runtime" "^7.17.0"
    "core-js" "^3.17.3"
    "loglevel" "1.8.0"

"@twilio/mcs-client@^0.5.2":
  "integrity" "sha512-dZK4fxbFnN4n8lxRKBLdtyy8kVkicg00KrwZIuQHW2lwNQ0M0aCrMzCNR1PDx3m9RdpDeXDhO3BEYTl6RFRTLw=="
  "resolved" "https://registry.npmjs.org/@twilio/mcs-client/-/mcs-client-0.5.3.tgz"
  "version" "0.5.3"
  dependencies:
    "@babel/runtime" "^7.14.5"
    "@twilio/declarative-type-validator" "^0.1.11"
    "@twilio/operation-retrier" "^4.0.7"
    "core-js" "^3.17.3"
    "loglevel" "^1.7.1"
    "xmlhttprequest" "^1.8.0"

"@twilio/mcs-client@^0.6.4":
  "integrity" "sha512-KtSBrOUhnbheKFJhp5BP7LSakj/8qfrgH5WGq1Y7NPAY7VlsCyZYDyTyZa+kW8FFsQJd4QLVxq1725omffGqSA=="
  "resolved" "https://registry.npmjs.org/@twilio/mcs-client/-/mcs-client-0.6.4.tgz"
  "version" "0.6.4"
  dependencies:
    "@babel/runtime" "^7.17.0"
    "@twilio/declarative-type-validator" "^0.2.4"
    "@twilio/operation-retrier" "^4.0.12"
    "core-js" "^3.17.3"
    "loglevel" "^1.8.0"
    "xmlhttprequest" "^1.8.0"

"@twilio/notifications@^1.0.4":
  "integrity" "sha512-iPZrgXav0BixE2bbJFy7ExQY9I+ZrgXDkvkbEJN37dMHx/5wTX3UO1vGWDxfnhOZPFIpmBuwoflPIOMYVsgm2w=="
  "resolved" "https://registry.npmjs.org/@twilio/notifications/-/notifications-1.0.5.tgz"
  "version" "1.0.5"
  dependencies:
    "@babel/runtime" "^7.14.5"
    "@twilio/declarative-type-validator" "^0.1.11"
    "@twilio/operation-retrier" "^4.0.7"
    "core-js" "^3.17.3"
    "loglevel" "^1.6.3"
    "twilsock" "^0.12.2"
    "uuid" "^3.4.0"

"@twilio/notifications@^2.0.3":
  "integrity" "sha512-7aQ2R/Sh1+7tLUKz7GCXT9jPv4InZCXOSYSu4ujJbaHXFw5NbDyQMmJ8vRPGt6nVEe2wivPx949TZDH4TAueVg=="
  "resolved" "https://registry.npmjs.org/@twilio/notifications/-/notifications-2.0.3.tgz"
  "version" "2.0.3"
  dependencies:
    "@babel/runtime" "^7.17.0"
    "@twilio/declarative-type-validator" "^0.2.4"
    "@twilio/operation-retrier" "^4.0.12"
    "core-js" "^3.17.3"
    "loglevel" "^1.8.0"
    "twilsock" "~0.12.2"
    "uuid" "^3.4.0"

"@twilio/operation-retrier@^4.0.12", "@twilio/operation-retrier@^4.0.6", "@twilio/operation-retrier@^4.0.7":
  "integrity" "sha512-T9kEqABx88I1VsGLA1KK4qcd+cHzLL8TaLkXSVnxgZe+VKVFwpa5RhXiWoGFBEMStjLlTjcThyfJsK1ymwt8nw=="
  "resolved" "https://registry.npmjs.org/@twilio/operation-retrier/-/operation-retrier-4.0.12.tgz"
  "version" "4.0.12"
  dependencies:
    "@babel/runtime" "^7.17.0"
    "core-js" "^3.17.3"

"@twilio/replay-event-emitter@^0.2.3":
  "integrity" "sha512-TbyiO4348fXfaUcIB++cZcNugRBeJvxl7d08EoyAxjdyEnAoGe4GwnuF5sazXnykHGR3W/WaPf5GG9o1jNOf7A=="
  "resolved" "https://registry.npmjs.org/@twilio/replay-event-emitter/-/replay-event-emitter-0.2.4.tgz"
  "version" "0.2.4"
  dependencies:
    "@babel/runtime" "^7.14.5"
    "core-js" "^3.17.3"

"@twilio/replay-event-emitter@^0.3.4":
  "integrity" "sha512-VPfgYQR2FPOQC+9naHNZfP+jx4PCDVhnAGbddvk6d0xMgq8WkyYGohDlszL1kIWeSAA8QtTaMI8+4z543WiRqw=="
  "resolved" "https://registry.npmjs.org/@twilio/replay-event-emitter/-/replay-event-emitter-0.3.4.tgz"
  "version" "0.3.4"
  dependencies:
    "@babel/runtime" "^7.17.0"
    "core-js" "^3.17.3"

"agent-base@6":
  "integrity" "sha512-RZNwNclF7+MS/8bDg70amg32dyeZGZxiDuQmZxKLAlQjr3jGyLx+4Kkk58UO7D2QdgFIQCovuSuZESne6RG6XQ=="
  "resolved" "https://registry.npmjs.org/agent-base/-/agent-base-6.0.2.tgz"
  "version" "6.0.2"
  dependencies:
    "debug" "4"

"asap@^2.0.0":
  "integrity" "sha1-5QNHYR1+aQlDIIu9r+vLwvuGbUY="
  "resolved" "https://registry.npmjs.org/asap/-/asap-2.0.6.tgz"
  "version" "2.0.6"

"async-limiter@~1.0.0":
  "integrity" "sha512-csOlWGAcRFJaI6m+F2WKdnMKr4HhdhFVBk0H/QbJFMCr+uO2kwohwXQPxw/9OCxp05r5ghVBFSyioixx3gfkNQ=="
  "resolved" "https://registry.npmjs.org/async-limiter/-/async-limiter-1.0.1.tgz"
  "version" "1.0.1"

"asynckit@^0.4.0":
  "integrity" "sha512-Oei9OH4tRh0YqU3GxhX79dM/mwVgvbZJaSNaRk+bshkj0S5cfHcgYakreBjrHwatXKbz+IoIdYLxrKim2MjW0Q=="
  "resolved" "https://registry.npmjs.org/asynckit/-/asynckit-0.4.0.tgz"
  "version" "0.4.0"

"axios@^0.26.1":
  "integrity" "sha512-fPwcX4EvnSHuInCMItEhAGnaSEXRBjtzh9fOtsE6E1G6p7vl7edEeZe11QHf18+6+9gR5PbKV/sGKNaD8YaMeA=="
  "resolved" "https://registry.npmjs.org/axios/-/axios-0.26.1.tgz"
  "version" "0.26.1"
  dependencies:
    "follow-redirects" "^1.14.8"

"buffer-equal-constant-time@1.0.1":
  "integrity" "sha1-+OcRMvf/5uAaXJaXpMbz5I1cyBk="
  "resolved" "https://registry.npmjs.org/buffer-equal-constant-time/-/buffer-equal-constant-time-1.0.1.tgz"
  "version" "1.0.1"

"call-bind@^1.0.0":
  "integrity" "sha512-7O+FbCihrB5WGbFYesctwmTKae6rOiIzmz1icreWJ+0aA7LJfuqhEso2T9ncpcFtzMQtzXf2QGGueWJGTYsqrA=="
  "resolved" "https://registry.npmjs.org/call-bind/-/call-bind-1.0.2.tgz"
  "version" "1.0.2"
  dependencies:
    "function-bind" "^1.1.1"
    "get-intrinsic" "^1.0.2"

"combined-stream@^1.0.6":
  "integrity" "sha512-FQN4MRfuJeHf7cBbBMJFXhKSDq+2kAArBlmRBvcvFE5BB1HZKXtSFASDhdlz9zOYwxh8lDdnvmMOe/+5cdoEdg=="
  "resolved" "https://registry.npmjs.org/combined-stream/-/combined-stream-1.0.8.tgz"
  "version" "1.0.8"
  dependencies:
    "delayed-stream" "~1.0.0"

"core-js@^3.17.3":
  "integrity" "sha512-1uLykR+iOfYja+6Jn/57743gc9n73EWiOnSJJ4ba3B4fOEYDBv25MagmEZBxTp5cWq4b/KPx/l77zgsp28ju4w=="
  "resolved" "https://registry.npmjs.org/core-js/-/core-js-3.22.4.tgz"
  "version" "3.22.4"

"dayjs@^1.8.29":
  "integrity" "sha512-ER7EjqVAMkRRsxNCC5YqJ9d9VQYuWdGt7aiH2qA5R5wt8ZmWaP2dLUSIK6y/kVzLMlmh1Tvu5xUf4M/wdGJ5KA=="
  "resolved" "https://registry.npmjs.org/dayjs/-/dayjs-1.11.1.tgz"
  "version" "1.11.1"

"debug@4":
  "integrity" "sha512-PRWFHuSU3eDtQJPvnNY7Jcket1j0t5OuOsFzPPzsekD52Zl8qUfFIPEiswXqIvHWGVHOgX+7G/vCNNhehwxfkQ=="
  "resolved" "https://registry.npmjs.org/debug/-/debug-4.3.4.tgz"
  "version" "4.3.4"
  dependencies:
    "ms" "2.1.2"

"delayed-stream@~1.0.0":
  "integrity" "sha512-ZySD7Nf91aLB0RxL4KGrKHBXl7Eds1DAmEdcoVawXnLD7SDhpNgtuII2aAkg7a7QS41jxPSZ17p4VdGnMHk3MQ=="
  "resolved" "https://registry.npmjs.org/delayed-stream/-/delayed-stream-1.0.0.tgz"
  "version" "1.0.0"

"ecdsa-sig-formatter@1.0.11":
  "integrity" "sha512-nagl3RYrbNv6kQkeJIpt6NJZy8twLB/2vtz6yN9Z4vRKHN4/QZJIEbqohALSgwKdnksuY3k5Addp5lg8sVoVcQ=="
  "resolved" "https://registry.npmjs.org/ecdsa-sig-formatter/-/ecdsa-sig-formatter-1.0.11.tgz"
  "version" "1.0.11"
  dependencies:
    "safe-buffer" "^5.0.1"

"follow-redirects@^1.14.8":
  "integrity" "sha512-MQDfihBQYMcyy5dhRDJUHcw7lb2Pv/TuE6xP1vyraLukNDHKbDxDNaOE3NbCAdKQApno+GPRyo1YAp89yCjK4w=="
  "resolved" "https://registry.npmjs.org/follow-redirects/-/follow-redirects-1.14.9.tgz"
  "version" "1.14.9"

"form-data@^2.3.2":
  "integrity" "sha512-m21N3WOmEEURgk6B9GLOE4RuWOFf28Lhh9qGYeNlGq4VDXUlJy2th2slBNU8Gp8EzloYZOibZJ7t5ecIrFSjVA=="
  "resolved" "https://registry.npmjs.org/form-data/-/form-data-2.5.1.tgz"
  "version" "2.5.1"
  dependencies:
    "asynckit" "^0.4.0"
    "combined-stream" "^1.0.6"
    "mime-types" "^2.1.12"

"function-bind@^1.1.1":
  "integrity" "sha512-yIovAzMX49sF8Yl58fSCWJ5svSLuaibPxXQJFLmBObTuCr0Mf1KiPopGM9NiFjiYBCbfaa2Fh6breQ6ANVTI0A=="
  "resolved" "https://registry.npmjs.org/function-bind/-/function-bind-1.1.1.tgz"
  "version" "1.1.1"

"get-intrinsic@^1.0.2":
  "integrity" "sha512-kWZrnVM42QCiEA2Ig1bG8zjoIMOgxWwYCEeNdwY6Tv/cOSeGpcoX4pXHfKUxNKVoArnrEr2e9srnAxxGIraS9Q=="
  "resolved" "https://registry.npmjs.org/get-intrinsic/-/get-intrinsic-1.1.1.tgz"
  "version" "1.1.1"
  dependencies:
    "function-bind" "^1.1.1"
    "has" "^1.0.3"
    "has-symbols" "^1.0.1"

"has-symbols@^1.0.1":
  "integrity" "sha512-l3LCuF6MgDNwTDKkdYGEihYjt5pRPbEg46rtlmnSPlUbgmB8LOIrKJbYYFBSbnPaJexMKtiPO8hmeRjRz2Td+A=="
  "resolved" "https://registry.npmjs.org/has-symbols/-/has-symbols-1.0.3.tgz"
  "version" "1.0.3"

"has@^1.0.3":
  "integrity" "sha512-f2dvO0VU6Oej7RkWJGrehjbzMAjFp5/VKPp5tTpWIV4JHHZK1/BxbFRtf/siA2SWTe09caDmVtYYzWEIbBS4zw=="
  "resolved" "https://registry.npmjs.org/has/-/has-1.0.3.tgz"
  "version" "1.0.3"
  dependencies:
    "function-bind" "^1.1.1"

"https-proxy-agent@^5.0.0":
  "integrity" "sha512-dFcAjpTQFgoLMzC2VwU+C/CbS7uRL0lWmxDITmqm7C+7F0Odmj6s9l6alZc6AELXhrnggM2CeWSXHGOdX2YtwA=="
  "resolved" "https://registry.npmjs.org/https-proxy-agent/-/https-proxy-agent-5.0.1.tgz"
  "version" "5.0.1"
  dependencies:
    "agent-base" "6"
    "debug" "4"

"iso8601-duration@=1.2.0":
  "integrity" "sha512-ErTBd++b17E8nmWII1K1uZtBgD1E8RjyvwmxlCjPHNqHMD7gmcMHOw0E8Ro/6+QT4PhHRSnnMo7bxa1vFPkwhg=="
  "resolved" "https://registry.npmjs.org/iso8601-duration/-/iso8601-duration-1.2.0.tgz"
  "version" "1.2.0"

"isomorphic-form-data@^2.0.0":
  "integrity" "sha512-TYgVnXWeESVmQSg4GLVbalmQ+B4NPi/H4eWxqALKj63KsUrcu301YDjBqaOw3h+cbak7Na4Xyps3BiptHtxTfg=="
  "resolved" "https://registry.npmjs.org/isomorphic-form-data/-/isomorphic-form-data-2.0.0.tgz"
  "version" "2.0.0"
  dependencies:
    "form-data" "^2.3.2"

"javascript-state-machine@^3.1.0":
  "integrity" "sha512-BwhYxQ1OPenBPXC735RgfB+ZUG8H3kjsx8hrYTgWnoy6TPipEy4fiicyhT2lxRKAXq9pG7CfFT8a2HLr6Hmwxg=="
  "resolved" "https://registry.npmjs.org/javascript-state-machine/-/javascript-state-machine-3.1.0.tgz"
  "version" "3.1.0"

"jsonwebtoken@^8.5.1":
  "integrity" "sha512-XjwVfRS6jTMsqYs0EsuJ4LGxXV14zQybNd4L2r0UvbVnSF9Af8x7p5MzbJ90Ioz/9TI41/hTCvznF/loiSzn8w=="
  "resolved" "https://registry.npmjs.org/jsonwebtoken/-/jsonwebtoken-8.5.1.tgz"
  "version" "8.5.1"
  dependencies:
    "jws" "^3.2.2"
    "lodash.includes" "^4.3.0"
    "lodash.isboolean" "^3.0.3"
    "lodash.isinteger" "^4.0.4"
    "lodash.isnumber" "^3.0.3"
    "lodash.isplainobject" "^4.0.6"
    "lodash.isstring" "^4.0.1"
    "lodash.once" "^4.0.0"
    "ms" "^2.1.1"
    "semver" "^5.6.0"

"jwa@^1.4.1":
  "integrity" "sha512-qiLX/xhEEFKUAJ6FiBMbes3w9ATzyk5W7Hvzpa/SLYdxNtng+gcurvrI7TbACjIXlsJyr05/S1oUhZrc63evQA=="
  "resolved" "https://registry.npmjs.org/jwa/-/jwa-1.4.1.tgz"
  "version" "1.4.1"
  dependencies:
    "buffer-equal-constant-time" "1.0.1"
    "ecdsa-sig-formatter" "1.0.11"
    "safe-buffer" "^5.0.1"

"jws@^3.2.2":
  "integrity" "sha512-YHlZCB6lMTllWDtSPHz/ZXTsi8S00usEV6v1tjq8tOUZzw7DpSDWVXjXDre6ed1w/pd495ODpHZYSdkRTsa0HA=="
  "resolved" "https://registry.npmjs.org/jws/-/jws-3.2.2.tgz"
  "version" "3.2.2"
  dependencies:
    "jwa" "^1.4.1"
    "safe-buffer" "^5.0.1"

"lodash.includes@^4.3.0":
  "integrity" "sha1-YLuYqHy5I8aMoeUTJUgzFISfVT8="
  "resolved" "https://registry.npmjs.org/lodash.includes/-/lodash.includes-4.3.0.tgz"
  "version" "4.3.0"

"lodash.isboolean@^3.0.3":
  "integrity" "sha1-bC4XHbKiV82WgC/UOwGyDV9YcPY="
  "resolved" "https://registry.npmjs.org/lodash.isboolean/-/lodash.isboolean-3.0.3.tgz"
  "version" "3.0.3"

"lodash.isequal@^4.5.0":
  "integrity" "sha1-QVxEePK8wwEgwizhDtMib30+GOA="
  "resolved" "https://registry.npmjs.org/lodash.isequal/-/lodash.isequal-4.5.0.tgz"
  "version" "4.5.0"

"lodash.isinteger@^4.0.4":
  "integrity" "sha1-YZwK89A/iwTDH1iChAt3sRzWg0M="
  "resolved" "https://registry.npmjs.org/lodash.isinteger/-/lodash.isinteger-4.0.4.tgz"
  "version" "4.0.4"

"lodash.isnumber@^3.0.3":
  "integrity" "sha1-POdoEMWSjQM1IwGsKHMX8RwLH/w="
  "resolved" "https://registry.npmjs.org/lodash.isnumber/-/lodash.isnumber-3.0.3.tgz"
  "version" "3.0.3"

"lodash.isplainobject@^4.0.6":
  "integrity" "sha1-fFJqUtibRcRcxpC4gWO+BJf1UMs="
  "resolved" "https://registry.npmjs.org/lodash.isplainobject/-/lodash.isplainobject-4.0.6.tgz"
  "version" "4.0.6"

"lodash.isstring@^4.0.1":
  "integrity" "sha1-1SfftUVuynzJu5XV2ur4i6VKVFE="
  "resolved" "https://registry.npmjs.org/lodash.isstring/-/lodash.isstring-4.0.1.tgz"
  "version" "4.0.1"

"lodash.once@^4.0.0":
  "integrity" "sha1-DdOXEhPHxW34gJd9UEyI+0cal6w="
  "resolved" "https://registry.npmjs.org/lodash.once/-/lodash.once-4.1.1.tgz"
  "version" "4.1.1"

"lodash@^4.17.21":
  "integrity" "sha512-v2kDEe57lecTulaDIuNTPy3Ry4gLGJ6Z1O3vE1krgXZNrsQ+LFTGHVxVjcXPs17LhbZVGedAJv8XZ1tvj5FvSg=="
  "resolved" "https://registry.npmjs.org/lodash/-/lodash-4.17.21.tgz"
  "version" "4.17.21"

"loglevel@^1.6.3", "loglevel@^1.6.6", "loglevel@^1.7.1", "loglevel@^1.8.0", "loglevel@1.8.0":
  "integrity" "sha512-G6A/nJLRgWOuuwdNuA6koovfEV1YpqqAG4pRUlFaz3jj2QNZ8M4vBqnVA+HBTmU/AMNUtlOsMmSpF6NyOjztbA=="
  "resolved" "https://registry.npmjs.org/loglevel/-/loglevel-1.8.0.tgz"
  "version" "1.8.0"

"mime-db@1.52.0":
  "integrity" "sha512-sPU4uV7dYlvtWJxwwxHD0PuihVNiE7TyAbQ5SWxDCB9mUYvOgroQOwYQQOKPJ8CIbE+1ETVlOoK1UC2nU3gYvg=="
  "resolved" "https://registry.npmjs.org/mime-db/-/mime-db-1.52.0.tgz"
  "version" "1.52.0"

"mime-types@^2.1.12":
  "integrity" "sha512-ZDY+bPm5zTTF+YpCrAU9nK0UgICYPT0QtT1NZWFv4s++TNkcgVaT0g6+4R2uI4MjQjzysHB1zxuWL50hzaeXiw=="
  "resolved" "https://registry.npmjs.org/mime-types/-/mime-types-2.1.35.tgz"
  "version" "2.1.35"
  dependencies:
    "mime-db" "1.52.0"

"ms@^2.1.1", "ms@2.1.2":
  "integrity" "sha512-sGkPx+VjMtmA6MX27oA4FBFELFCZZ4S4XqeGOXCv68tT+jb3vk/RyaKWP0PTKyWtmLSM0b+adUTEvbs1PEaH2w=="
  "resolved" "https://registry.npmjs.org/ms/-/ms-2.1.2.tgz"
  "version" "2.1.2"

"object-inspect@^1.9.0":
  "integrity" "sha512-Ho2z80bVIvJloH+YzRmpZVQe87+qASmBUKZDWgx9cu+KDrX2ZDH/3tMy+gXbZETVGs2M8YdxObOh7XAtim9Y0g=="
  "resolved" "https://registry.npmjs.org/object-inspect/-/object-inspect-1.12.0.tgz"
  "version" "1.12.0"

"platform@^1.3.6":
  "integrity" "sha512-fnWVljUchTro6RiCFvCXBbNhJc2NijN7oIQxbwsyL0buWJPG85v81ehlHI9fXrJsMNgTofEoWIQeClKpgxFLrg=="
  "resolved" "https://registry.npmjs.org/platform/-/platform-1.3.6.tgz"
  "version" "1.3.6"

"pop-iterate@^1.0.1":
  "integrity" "sha1-zqz9q0q/NT16DyqqLB/Hs/lBO6M="
  "resolved" "https://registry.npmjs.org/pop-iterate/-/pop-iterate-1.0.1.tgz"
  "version" "1.0.1"

"q@2.0.x":
  "integrity" "sha1-dbjbAlWhpa+C9Yw/Oqoe/sfQ0TQ="
  "resolved" "https://registry.npmjs.org/q/-/q-2.0.3.tgz"
  "version" "2.0.3"
  dependencies:
    "asap" "^2.0.0"
    "pop-iterate" "^1.0.1"
    "weak-map" "^1.0.5"

"qs@^6.9.4":
  "integrity" "sha512-wr7M2E0OFRfIfJZjKGieI8lBKb7fRCH4Fv5KNPEs7gJ8jadvotdsS08PzOKR7opXhZ/Xkjtt3WF9g38drmyRqQ=="
  "resolved" "https://registry.npmjs.org/qs/-/qs-6.10.3.tgz"
  "version" "6.10.3"
  dependencies:
    "side-channel" "^1.0.4"

"querystringify@^2.1.1":
  "integrity" "sha512-FIqgj2EUvTa7R50u0rGsyTftzjYmv/a3hO345bZNrqabNqjtgiDMgmo4mkUjd+nzU5oF3dClKqFIPUKybUyqoQ=="
  "resolved" "https://registry.npmjs.org/querystringify/-/querystringify-2.2.0.tgz"
  "version" "2.2.0"

"regenerator-runtime@^0.13.4":
  "integrity" "sha512-p3VT+cOEgxFsRRA9X4lkI1E+k2/CtnKtU4gcxyaCUreilL/vqI6CdZ3wxVUx3UOUg+gnUOQQcRI7BmSI656MYA=="
  "resolved" "https://registry.npmjs.org/regenerator-runtime/-/regenerator-runtime-0.13.9.tgz"
  "version" "0.13.9"

"requires-port@^1.0.0":
  "integrity" "sha1-kl0mAdOaxIXgkc8NpcbmlNw9yv8="
  "resolved" "https://registry.npmjs.org/requires-port/-/requires-port-1.0.0.tgz"
  "version" "1.0.0"

"rootpath@^0.1.2":
  "integrity" "sha1-Wzeah9ypBum5HWkKWZQ5vvJn6ms="
  "resolved" "https://registry.npmjs.org/rootpath/-/rootpath-0.1.2.tgz"
  "version" "0.1.2"

"safe-buffer@^5.0.1":
  "integrity" "sha512-rp3So07KcdmmKbGvgaNxQSJr7bGVSVk5S9Eq1F+ppbRo70+YeaDxkw5Dd8NPN+GD6bjnYm2VuPuCXmpuYvmCXQ=="
  "resolved" "https://registry.npmjs.org/safe-buffer/-/safe-buffer-5.2.1.tgz"
  "version" "5.2.1"

"scmp@^2.1.0":
  "integrity" "sha512-o/mRQGk9Rcer/jEEw/yw4mwo3EU/NvYvp577/Btqrym9Qy5/MdWGBqipbALgd2lrdWTJ5/gqDusxfnQBxOxT2Q=="
  "resolved" "https://registry.npmjs.org/scmp/-/scmp-2.1.0.tgz"
  "version" "2.1.0"

"semver@^5.6.0":
  "integrity" "sha512-sauaDf/PZdVgrLTNYHRtpXa1iRiKcaebiKQ1BJdpQlWH2lCvexQdX55snPFyK7QzpudqbCI0qXFfOasHdyNDGQ=="
  "resolved" "https://registry.npmjs.org/semver/-/semver-5.7.1.tgz"
  "version" "5.7.1"

"side-channel@^1.0.4":
  "integrity" "sha512-q5XPytqFEIKHkGdiMIrY10mvLRvnQh42/+GoBlFW3b2LXLE2xxJpZFdm94we0BaoV3RwJyGqg5wS7epxTv0Zvw=="
  "resolved" "https://registry.npmjs.org/side-channel/-/side-channel-1.0.4.tgz"
  "version" "1.0.4"
  dependencies:
    "call-bind" "^1.0.0"
    "get-intrinsic" "^1.0.2"
    "object-inspect" "^1.9.0"

"twilio-chat@^6.0.0":
  "integrity" "sha512-dHdM7xMwkw86HtPwIRtzRXJYt/G213HcmdH7Dyx8DEKjd9KrDNHtp9dEFdxQL7TqdNNYX5F0c8jckRwvfzw3eA=="
  "resolved" "https://registry.npmjs.org/twilio-chat/-/twilio-chat-6.0.0.tgz"
  "version" "6.0.0"
  dependencies:
    "@babel/runtime" "^7.14.5"
    "@twilio/declarative-type-validator" "^0.1.10"
    "@twilio/mcs-client" "^0.5.2"
    "@twilio/notifications" "^1.0.4"
    "@twilio/operation-retrier" "^4.0.6"
    "@twilio/replay-event-emitter" "^0.2.3"
    "core-js" "^3.17.3"
    "iso8601-duration" "=1.2.0"
    "lodash.isequal" "^4.5.0"
    "loglevel" "^1.6.6"
    "platform" "^1.3.6"
    "twilio-sync" "^3.0.6"
    "twilsock" "^0.12.1"
    "uuid" "^3.4.0"

"twilio-sync@^3.0.6", "twilio-sync@~3.1.0":
  "integrity" "sha512-KNkbbnoBITpsmxV2UnmNDEot/Q5t7p5I1zP05oqj0OYT1kMcZq4nhiSNkcxkunfxINFSUzz8d/mUA82yWS7iLQ=="
  "resolved" "https://registry.npmjs.org/twilio-sync/-/twilio-sync-3.1.0.tgz"
  "version" "3.1.0"
  dependencies:
    "@babel/runtime" "^7.14.5"
    "@twilio/declarative-type-validator" "^0.1.11"
    "@twilio/operation-retrier" "^4.0.7"
    "core-js" "^3.17.3"
    "iso8601-duration" "=1.2.0"
    "loglevel" "^1.6.3"
    "platform" "^1.3.6"
    "twilsock" "^0.12.2"
    "uuid" "^3.4.0"

"twilio@^3.76.1":
  "integrity" "sha512-/hHTn+XfjG6FEDXeOpOGJO9XzyP5zpDBalZ4g75stAsP0T/yHlGPokfrhKZjQoOZNzeE9UiQfDq2yvcQHXjDfQ=="
  "resolved" "https://registry.npmjs.org/twilio/-/twilio-3.76.1.tgz"
  "version" "3.76.1"
  dependencies:
    "axios" "^0.26.1"
    "dayjs" "^1.8.29"
    "https-proxy-agent" "^5.0.0"
    "jsonwebtoken" "^8.5.1"
    "lodash" "^4.17.21"
    "q" "2.0.x"
    "qs" "^6.9.4"
    "rootpath" "^0.1.2"
    "scmp" "^2.1.0"
    "url-parse" "^1.5.9"
    "xmlbuilder" "^13.0.2"

"twilsock@^0.12.1", "twilsock@^0.12.2", "twilsock@~0.12.2":
  "integrity" "sha512-7G59f2TCEnxcY2ZBCzaZOPmMDoxDrK9lMTiA7UvuiKca37Dljbdlu2EHI3+d7gU1JHkH5GNCmyxqJzSbZodwXA=="
  "resolved" "https://registry.npmjs.org/twilsock/-/twilsock-0.12.2.tgz"
  "version" "0.12.2"
  dependencies:
    "@babel/runtime" "^7.14.5"
    "@twilio/declarative-type-validator" "^0.1.11"
    "@twilio/operation-retrier" "^4.0.7"
    "core-js" "^3.17.3"
    "iso8601-duration" "=1.2.0"
    "javascript-state-machine" "^3.1.0"
    "loglevel" "^1.6.3"
    "platform" "^1.3.6"
    "uuid" "^3.4.0"
    "ws" "^5.2.3"

"url-parse@^1.5.9":
  "integrity" "sha512-WypcfiRhfeUP9vvF0j6rw0J3hrWrw6iZv3+22h6iRMJ/8z1Tj6XfLP4DsUix5MhMPnXpiHDoKyoZ/bdCkwBCiQ=="
  "resolved" "https://registry.npmjs.org/url-parse/-/url-parse-1.5.10.tgz"
  "version" "1.5.10"
  dependencies:
    "querystringify" "^2.1.1"
    "requires-port" "^1.0.0"

"uuid@^3.4.0":
  "integrity" "sha512-HjSDRw6gZE5JMggctHBcjVak08+KEVhSIiDzFnT9S9aegmp85S/bReBVTb4QTFaRNptJ9kuYaNhnbNEOkbKb/A=="
  "resolved" "https://registry.npmjs.org/uuid/-/uuid-3.4.0.tgz"
  "version" "3.4.0"

"weak-map@^1.0.5":
  "integrity" "sha512-lNR9aAefbGPpHO7AEnY0hCFjz1eTkWCXYvkTRrTHs9qv8zJp+SkVYpzfLIFXQQiG3tVvbNFQgVg2bQS8YGgxyw=="
  "resolved" "https://registry.npmjs.org/weak-map/-/weak-map-1.0.8.tgz"
  "version" "1.0.8"

"ws@^5.2.3":
  "integrity" "sha512-jZArVERrMsKUatIdnLzqvcfydI85dvd/Fp1u/VOpfdDWQ4c9qWXe+VIeAbQ5FrDwciAkr+lzofXLz3Kuf26AOA=="
  "resolved" "https://registry.npmjs.org/ws/-/ws-5.2.3.tgz"
  "version" "5.2.3"
  dependencies:
    "async-limiter" "~1.0.0"

"xmlbuilder@^13.0.2":
  "integrity" "sha512-Eux0i2QdDYKbdbA6AM6xE4m6ZTZr4G4xF9kahI2ukSEMCzwce2eX9WlTI5J3s+NU7hpasFsr8hWIONae7LluAQ=="
  "resolved" "https://registry.npmjs.org/xmlbuilder/-/xmlbuilder-13.0.2.tgz"
  "version" "13.0.2"

"xmlhttprequest@^1.8.0":
  "integrity" "sha1-Z/4HXFwk/vOfnWX197f+dRcZaPw="
  "resolved" "https://registry.npmjs.org/xmlhttprequest/-/xmlhttprequest-1.8.0.tgz"
  "version" "1.8.0"
